
Microsoft Visual Studio Solution File, Format Version 12.00
# Visual Studio Version 16
VisualStudioVersion = 25.0.1705.7
MinimumVisualStudioVersion = 10.0.40219.1
Project("{FAE04EC0-301F-11D3-BF4B-00C04F79EFBC}") = "MySuperBank", "MySuperBank\MySuperBank.csproj", "{D0A6B245-CFEC-4368-BE38-709F8491924E}"
EndProject
Global
	GlobalSection(SolutionConfigurationPlatforms) = preSolution
		Debug|Any CPU = Debug|Any CPU
		Release|Any CPU = Release|Any CPU
	EndGlobalSection
	GlobalSection(ProjectConfigurationPlatforms) = postSolution
		{D0A6B245-CFEC-4368-BE38-709F8491924E}.Debug|Any CPU.ActiveCfg = Debug|Any CPU
		{D0A6B245-CFEC-4368-BE38-709F8491924E}.Debug|Any CPU.Build.0 = Debug|Any CPU
		{D0A6B245-CFEC-4368-BE38-709F8491924E}.Release|Any CPU.ActiveCfg = Release|Any CPU
		{D0A6B245-CFEC-4368-BE38-709F8491924E}.Release|Any CPU.Build.0 = Release|Any CPU
	EndGlobalSection
	GlobalSection(SolutionProperties) = preSolution
		HideSolutionNode = FALSE
	EndGlobalSection
	GlobalSection(ExtensibilityGlobals) = postSolution
		SolutionGuid = {DE13633A-565F-4215-88A5-6419C9FA9880}
	EndGlobalSection
EndGlobal
